// !$*UTF8*$!
{
	archiveVersion = 1;
	classes = {
	};
	objectVersion = 56;
	objects = {

/* Begin PBXBuildFile section */
		082F093A2B3C0A7200A29EE9 /* SearchUsecase.swift in Sources */ = {isa = PBXBuildFile; fileRef = 082F09392B3C0A7200A29EE9 /* SearchUsecase.swift */; };
		082F093C2B3C0B4100A29EE9 /* UserNetwork.swift in Sources */ = {isa = PBXBuildFile; fileRef = 082F093B2B3C0B4100A29EE9 /* UserNetwork.swift */; };
		084299C72B3BFBA7009DA780 /* SearchHistory.swift in Sources */ = {isa = PBXBuildFile; fileRef = 084299C62B3BFBA7009DA780 /* SearchHistory.swift */; };
		084299C92B3BFBAF009DA780 /* SearchView.swift in Sources */ = {isa = PBXBuildFile; fileRef = 084299C82B3BFBAF009DA780 /* SearchView.swift */; };
		0875A2282B3BFEA400733C59 /* DetailView.swift in Sources */ = {isa = PBXBuildFile; fileRef = 0875A2272B3BFEA400733C59 /* DetailView.swift */; };
		0875A22A2B3BFEB400733C59 /* WebView.swift in Sources */ = {isa = PBXBuildFile; fileRef = 0875A2292B3BFEB400733C59 /* WebView.swift */; };
		08A8638D2B3BAF56003782E1 /* ToyProjectApp.swift in Sources */ = {isa = PBXBuildFile; fileRef = 08A8638C2B3BAF56003782E1 /* ToyProjectApp.swift */; };
		08A863912B3BAF57003782E1 /* Assets.xcassets in Resources */ = {isa = PBXBuildFile; fileRef = 08A863902B3BAF57003782E1 /* Assets.xcassets */; };
		08A863952B3BAF57003782E1 /* Preview Assets.xcassets in Resources */ = {isa = PBXBuildFile; fileRef = 08A863942B3BAF57003782E1 /* Preview Assets.xcassets */; };
		08A8639F2B3BAF57003782E1 /* ToyProjectTests.swift in Sources */ = {isa = PBXBuildFile; fileRef = 08A8639E2B3BAF57003782E1 /* ToyProjectTests.swift */; };
		08A863A92B3BAF57003782E1 /* ToyProjectUITests.swift in Sources */ = {isa = PBXBuildFile; fileRef = 08A863A82B3BAF57003782E1 /* ToyProjectUITests.swift */; };
		08A863AB2B3BAF57003782E1 /* ToyProjectUITestsLaunchTests.swift in Sources */ = {isa = PBXBuildFile; fileRef = 08A863AA2B3BAF57003782E1 /* ToyProjectUITestsLaunchTests.swift */; };
		08A863B92B3BAFB7003782E1 /* Alamofire in Frameworks */ = {isa = PBXBuildFile; productRef = 08A863B82B3BAFB7003782E1 /* Alamofire */; };
		08A863BC2B3BAFC8003782E1 /* Realm in Frameworks */ = {isa = PBXBuildFile; productRef = 08A863BB2B3BAFC8003782E1 /* Realm */; };
		08A863BE2B3BAFC8003782E1 /* RealmSwift in Frameworks */ = {isa = PBXBuildFile; productRef = 08A863BD2B3BAFC8003782E1 /* RealmSwift */; };
		08A863C52B3BB0C5003782E1 /* URLImage in Frameworks */ = {isa = PBXBuildFile; productRef = 08A863C42B3BB0C5003782E1 /* URLImage */; };
		08A863C72B3BB0C5003782E1 /* URLImageStore in Frameworks */ = {isa = PBXBuildFile; productRef = 08A863C62B3BB0C5003782E1 /* URLImageStore */; };
		08A863CB2B3BC408003782E1 /* UserView.swift in Sources */ = {isa = PBXBuildFile; fileRef = 08A863CA2B3BC408003782E1 /* UserView.swift */; };
		08A863CF2B3BF321003782E1 /* UserResponse.swift in Sources */ = {isa = PBXBuildFile; fileRef = 08A863CE2B3BF321003782E1 /* UserResponse.swift */; };
		08A863D12B3BF401003782E1 /* UserViewModel.swift in Sources */ = {isa = PBXBuildFile; fileRef = 08A863D02B3BF401003782E1 /* UserViewModel.swift */; };
/* End PBXBuildFile section */

/* Begin PBXContainerItemProxy section */
		08A8639B2B3BAF57003782E1 /* PBXContainerItemProxy */ = {
			isa = PBXContainerItemProxy;
			containerPortal = 08A863812B3BAF56003782E1 /* Project object */;
			proxyType = 1;
			remoteGlobalIDString = 08A863882B3BAF56003782E1;
			remoteInfo = ToyProject;
		};
		08A863A52B3BAF57003782E1 /* PBXContainerItemProxy */ = {
			isa = PBXContainerItemProxy;
			containerPortal = 08A863812B3BAF56003782E1 /* Project object */;
			proxyType = 1;
			remoteGlobalIDString = 08A863882B3BAF56003782E1;
			remoteInfo = ToyProject;
		};
/* End PBXContainerItemProxy section */

/* Begin PBXFileReference section */
		082F09392B3C0A7200A29EE9 /* SearchUsecase.swift */ = {isa = PBXFileReference; lastKnownFileType = sourcecode.swift; name = SearchUsecase.swift; path = ToyProject/SearchUsecase.swift; sourceTree = SOURCE_ROOT; };
		082F093B2B3C0B4100A29EE9 /* UserNetwork.swift */ = {isa = PBXFileReference; lastKnownFileType = sourcecode.swift; name = UserNetwork.swift; path = ToyProject/UserNetwork.swift; sourceTree = SOURCE_ROOT; };
		084299C62B3BFBA7009DA780 /* SearchHistory.swift */ = {isa = PBXFileReference; lastKnownFileType = sourcecode.swift; name = SearchHistory.swift; path = ToyProject/UI/SearchHistory.swift; sourceTree = SOURCE_ROOT; };
		084299C82B3BFBAF009DA780 /* SearchView.swift */ = {isa = PBXFileReference; lastKnownFileType = sourcecode.swift; name = SearchView.swift; path = ToyProject/UI/SearchView.swift; sourceTree = SOURCE_ROOT; };
		0875A2272B3BFEA400733C59 /* DetailView.swift */ = {isa = PBXFileReference; lastKnownFileType = sourcecode.swift; name = DetailView.swift; path = ToyProject/UI/DetailView.swift; sourceTree = SOURCE_ROOT; };
		0875A2292B3BFEB400733C59 /* WebView.swift */ = {isa = PBXFileReference; lastKnownFileType = sourcecode.swift; name = WebView.swift; path = ToyProject/UI/WebView.swift; sourceTree = SOURCE_ROOT; };
		08A863892B3BAF56003782E1 /* ToyProject.app */ = {isa = PBXFileReference; explicitFileType = wrapper.application; includeInIndex = 0; path = ToyProject.app; sourceTree = BUILT_PRODUCTS_DIR; };
		08A8638C2B3BAF56003782E1 /* ToyProjectApp.swift */ = {isa = PBXFileReference; lastKnownFileType = sourcecode.swift; path = ToyProjectApp.swift; sourceTree = "<group>"; };
		08A863902B3BAF57003782E1 /* Assets.xcassets */ = {isa = PBXFileReference; lastKnownFileType = folder.assetcatalog; path = Assets.xcassets; sourceTree = "<group>"; };
		08A863922B3BAF57003782E1 /* ToyProject.entitlements */ = {isa = PBXFileReference; lastKnownFileType = text.plist.entitlements; path = ToyProject.entitlements; sourceTree = "<group>"; };
		08A863942B3BAF57003782E1 /* Preview Assets.xcassets */ = {isa = PBXFileReference; lastKnownFileType = folder.assetcatalog; path = "Preview Assets.xcassets"; sourceTree = "<group>"; };
		08A8639A2B3BAF57003782E1 /* ToyProjectTests.xctest */ = {isa = PBXFileReference; explicitFileType = wrapper.cfbundle; includeInIndex = 0; path = ToyProjectTests.xctest; sourceTree = BUILT_PRODUCTS_DIR; };
		08A8639E2B3BAF57003782E1 /* ToyProjectTests.swift */ = {isa = PBXFileReference; lastKnownFileType = sourcecode.swift; path = ToyProjectTests.swift; sourceTree = "<group>"; };
		08A863A42B3BAF57003782E1 /* ToyProjectUITests.xctest */ = {isa = PBXFileReference; explicitFileType = wrapper.cfbundle; includeInIndex = 0; path = ToyProjectUITests.xctest; sourceTree = BUILT_PRODUCTS_DIR; };
		08A863A82B3BAF57003782E1 /* ToyProjectUITests.swift */ = {isa = PBXFileReference; lastKnownFileType = sourcecode.swift; path = ToyProjectUITests.swift; sourceTree = "<group>"; };
		08A863AA2B3BAF57003782E1 /* ToyProjectUITestsLaunchTests.swift */ = {isa = PBXFileReference; lastKnownFileType = sourcecode.swift; path = ToyProjectUITestsLaunchTests.swift; sourceTree = "<group>"; };
		08A863CA2B3BC408003782E1 /* UserView.swift */ = {isa = PBXFileReference; lastKnownFileType = sourcecode.swift; name = UserView.swift; path = ToyProject/UserView.swift; sourceTree = SOURCE_ROOT; };
		08A863CE2B3BF321003782E1 /* UserResponse.swift */ = {isa = PBXFileReference; lastKnownFileType = sourcecode.swift; name = UserResponse.swift; path = ToyProject/UserResponse.swift; sourceTree = SOURCE_ROOT; };
		08A863D02B3BF401003782E1 /* UserViewModel.swift */ = {isa = PBXFileReference; lastKnownFileType = sourcecode.swift; name = UserViewModel.swift; path = ToyProject/UserViewModel.swift; sourceTree = SOURCE_ROOT; };
/* End PBXFileReference section */

/* Begin PBXFrameworksBuildPhase section */
		08A863862B3BAF56003782E1 /* Frameworks */ = {
			isa = PBXFrameworksBuildPhase;
			buildActionMask = 2147483647;
			files = (
				08A863C72B3BB0C5003782E1 /* URLImageStore in Frameworks */,
				08A863BE2B3BAFC8003782E1 /* RealmSwift in Frameworks */,
				08A863BC2B3BAFC8003782E1 /* Realm in Frameworks */,
				08A863C52B3BB0C5003782E1 /* URLImage in Frameworks */,
				08A863B92B3BAFB7003782E1 /* Alamofire in Frameworks */,
			);
			runOnlyForDeploymentPostprocessing = 0;
		};
		08A863972B3BAF57003782E1 /* Frameworks */ = {
			isa = PBXFrameworksBuildPhase;
			buildActionMask = 2147483647;
			files = (
			);
			runOnlyForDeploymentPostprocessing = 0;
		};
		08A863A12B3BAF57003782E1 /* Frameworks */ = {
			isa = PBXFrameworksBuildPhase;
			buildActionMask = 2147483647;
			files = (
			);
			runOnlyForDeploymentPostprocessing = 0;
		};
/* End PBXFrameworksBuildPhase section */

/* Begin PBXGroup section */
		08A863802B3BAF56003782E1 = {
			isa = PBXGroup;
			children = (
				08A8638B2B3BAF56003782E1 /* ToyProject */,
				08A8639D2B3BAF57003782E1 /* ToyProjectTests */,
				08A863A72B3BAF57003782E1 /* ToyProjectUITests */,
				08A8638A2B3BAF56003782E1 /* Products */,
			);
			sourceTree = "<group>";
		};
		08A8638A2B3BAF56003782E1 /* Products */ = {
			isa = PBXGroup;
			children = (
				08A863892B3BAF56003782E1 /* ToyProject.app */,
				08A8639A2B3BAF57003782E1 /* ToyProjectTests.xctest */,
				08A863A42B3BAF57003782E1 /* ToyProjectUITests.xctest */,
			);
			name = Products;
			sourceTree = "<group>";
		};
		08A8638B2B3BAF56003782E1 /* ToyProject */ = {
			isa = PBXGroup;
			children = (
				08A8638C2B3BAF56003782E1 /* ToyProjectApp.swift */,
				08A997DF2B3BB7300014F24C /* UI */,
				08A997E42B3BB7CD0014F24C /* Usecase */,
				08A997E32B3BB7690014F24C /* Network */,
				08A997E82B3BB8160014F24C /* DB */,
				08A863902B3BAF57003782E1 /* Assets.xcassets */,
				08A863922B3BAF57003782E1 /* ToyProject.entitlements */,
				08A863932B3BAF57003782E1 /* Preview Content */,
			);
			path = ToyProject;
			sourceTree = "<group>";
		};
		08A863932B3BAF57003782E1 /* Preview Content */ = {
			isa = PBXGroup;
			children = (
				08A863942B3BAF57003782E1 /* Preview Assets.xcassets */,
			);
			path = "Preview Content";
			sourceTree = "<group>";
		};
		08A8639D2B3BAF57003782E1 /* ToyProjectTests */ = {
			isa = PBXGroup;
			children = (
				08A8639E2B3BAF57003782E1 /* ToyProjectTests.swift */,
			);
			path = ToyProjectTests;
			sourceTree = "<group>";
		};
		08A863A72B3BAF57003782E1 /* ToyProjectUITests */ = {
			isa = PBXGroup;
			children = (
				08A863A82B3BAF57003782E1 /* ToyProjectUITests.swift */,
				08A863AA2B3BAF57003782E1 /* ToyProjectUITestsLaunchTests.swift */,
			);
			path = ToyProjectUITests;
			sourceTree = "<group>";
		};
		08A997DF2B3BB7300014F24C /* UI */ = {
			isa = PBXGroup;
			children = (
				08A997E02B3BB7410014F24C /* Search */,
				08A997E12B3BB7450014F24C /* User */,
				08A997E22B3BB74B0014F24C /* Detail */,
			);
			path = UI;
			sourceTree = "<group>";
		};
		08A997E02B3BB7410014F24C /* Search */ = {
			isa = PBXGroup;
			children = (
				084299C82B3BFBAF009DA780 /* SearchView.swift */,
				084299C62B3BFBA7009DA780 /* SearchHistory.swift */,
			);
			path = Search;
			sourceTree = "<group>";
		};
		08A997E12B3BB7450014F24C /* User */ = {
			isa = PBXGroup;
			children = (
				08A863CA2B3BC408003782E1 /* UserView.swift */,
				08A863CE2B3BF321003782E1 /* UserResponse.swift */,
				08A863D02B3BF401003782E1 /* UserViewModel.swift */,
			);
			path = User;
			sourceTree = "<group>";
		};
		08A997E22B3BB74B0014F24C /* Detail */ = {
			isa = PBXGroup;
			children = (
				0875A2272B3BFEA400733C59 /* DetailView.swift */,
				0875A2292B3BFEB400733C59 /* WebView.swift */,
			);
			path = Detail;
			sourceTree = "<group>";
		};
		08A997E32B3BB7690014F24C /* Network */ = {
			isa = PBXGroup;
			children = (
				082F093B2B3C0B4100A29EE9 /* UserNetwork.swift */,
			);
			path = Network;
			sourceTree = "<group>";
		};
		08A997E42B3BB7CD0014F24C /* Usecase */ = {
			isa = PBXGroup;
			children = (
				082F09392B3C0A7200A29EE9 /* SearchUsecase.swift */,
			);
			path = Usecase;
			sourceTree = "<group>";
		};
		08A997E82B3BB8160014F24C /* DB */ = {
			isa = PBXGroup;
			children = (
			);
			path = DB;
			sourceTree = "<group>";
		};
/* End PBXGroup section */

/* Begin PBXNativeTarget section */
		08A863882B3BAF56003782E1 /* ToyProject */ = {
			isa = PBXNativeTarget;
			buildConfigurationList = 08A863AE2B3BAF57003782E1 /* Build configuration list for PBXNativeTarget "ToyProject" */;
			buildPhases = (
				08A863852B3BAF56003782E1 /* Sources */,
				08A863862B3BAF56003782E1 /* Frameworks */,
				08A863872B3BAF56003782E1 /* Resources */,
			);
			buildRules = (
			);
			dependencies = (
			);
			name = ToyProject;
			packageProductDependencies = (
				08A863B82B3BAFB7003782E1 /* Alamofire */,
				08A863BB2B3BAFC8003782E1 /* Realm */,
				08A863BD2B3BAFC8003782E1 /* RealmSwift */,
				08A863C42B3BB0C5003782E1 /* URLImage */,
				08A863C62B3BB0C5003782E1 /* URLImageStore */,
			);
			productName = ToyProject;
			productReference = 08A863892B3BAF56003782E1 /* ToyProject.app */;
			productType = "com.apple.product-type.application";
		};
		08A863992B3BAF57003782E1 /* ToyProjectTests */ = {
			isa = PBXNativeTarget;
			buildConfigurationList = 08A863B12B3BAF57003782E1 /* Build configuration list for PBXNativeTarget "ToyProjectTests" */;
			buildPhases = (
				08A863962B3BAF57003782E1 /* Sources */,
				08A863972B3BAF57003782E1 /* Frameworks */,
				08A863982B3BAF57003782E1 /* Resources */,
			);
			buildRules = (
			);
			dependencies = (
				08A8639C2B3BAF57003782E1 /* PBXTargetDependency */,
			);
			name = ToyProjectTests;
			productName = ToyProjectTests;
			productReference = 08A8639A2B3BAF57003782E1 /* ToyProjectTests.xctest */;
			productType = "com.apple.product-type.bundle.unit-test";
		};
		08A863A32B3BAF57003782E1 /* ToyProjectUITests */ = {
			isa = PBXNativeTarget;
			buildConfigurationList = 08A863B42B3BAF57003782E1 /* Build configuration list for PBXNativeTarget "ToyProjectUITests" */;
			buildPhases = (
				08A863A02B3BAF57003782E1 /* Sources */,
				08A863A12B3BAF57003782E1 /* Frameworks */,
				08A863A22B3BAF57003782E1 /* Resources */,
			);
			buildRules = (
			);
			dependencies = (
				08A863A62B3BAF57003782E1 /* PBXTargetDependency */,
			);
			name = ToyProjectUITests;
			productName = ToyProjectUITests;
			productReference = 08A863A42B3BAF57003782E1 /* ToyProjectUITests.xctest */;
			productType = "com.apple.product-type.bundle.ui-testing";
		};
/* End PBXNativeTarget section */

/* Begin PBXProject section */
		08A863812B3BAF56003782E1 /* Project object */ = {
			isa = PBXProject;
			attributes = {
				BuildIndependentTargetsInParallel = 1;
				LastSwiftUpdateCheck = 1510;
				LastUpgradeCheck = 1510;
				TargetAttributes = {
					08A863882B3BAF56003782E1 = {
						CreatedOnToolsVersion = 15.1;
					};
					08A863992B3BAF57003782E1 = {
						CreatedOnToolsVersion = 15.1;
						TestTargetID = 08A863882B3BAF56003782E1;
					};
					08A863A32B3BAF57003782E1 = {
						CreatedOnToolsVersion = 15.1;
						TestTargetID = 08A863882B3BAF56003782E1;
					};
				};
			};
			buildConfigurationList = 08A863842B3BAF56003782E1 /* Build configuration list for PBXProject "ToyProject" */;
			compatibilityVersion = "Xcode 14.0";
			developmentRegion = en;
			hasScannedForEncodings = 0;
			knownRegions = (
				en,
				Base,
			);
			mainGroup = 08A863802B3BAF56003782E1;
			packageReferences = (
				08A863B72B3BAFB7003782E1 /* XCRemoteSwiftPackageReference "Alamofire" */,
				08A863BA2B3BAFC8003782E1 /* XCRemoteSwiftPackageReference "realm-swift" */,
				08A863C32B3BB0C5003782E1 /* XCRemoteSwiftPackageReference "url-image" */,
			);
			productRefGroup = 08A8638A2B3BAF56003782E1 /* Products */;
			projectDirPath = "";
			projectRoot = "";
			targets = (
				08A863882B3BAF56003782E1 /* ToyProject */,
				08A863992B3BAF57003782E1 /* ToyProjectTests */,
				08A863A32B3BAF57003782E1 /* ToyProjectUITests */,
			);
		};
/* End PBXProject section */

/* Begin PBXResourcesBuildPhase section */
		08A863872B3BAF56003782E1 /* Resources */ = {
			isa = PBXResourcesBuildPhase;
			buildActionMask = 2147483647;
			files = (
				08A863952B3BAF57003782E1 /* Preview Assets.xcassets in Resources */,
				08A863912B3BAF57003782E1 /* Assets.xcassets in Resources */,
			);
			runOnlyForDeploymentPostprocessing = 0;
		};
		08A863982B3BAF57003782E1 /* Resources */ = {
			isa = PBXResourcesBuildPhase;
			buildActionMask = 2147483647;
			files = (
			);
			runOnlyForDeploymentPostprocessing = 0;
		};
		08A863A22B3BAF57003782E1 /* Resources */ = {
			isa = PBXResourcesBuildPhase;
			buildActionMask = 2147483647;
			files = (
			);
			runOnlyForDeploymentPostprocessing = 0;
		};
/* End PBXResourcesBuildPhase section */

/* Begin PBXSourcesBuildPhase section */
		08A863852B3BAF56003782E1 /* Sources */ = {
			isa = PBXSourcesBuildPhase;
			buildActionMask = 2147483647;
			files = (
				08A8638D2B3BAF56003782E1 /* ToyProjectApp.swift in Sources */,
				0875A22A2B3BFEB400733C59 /* WebView.swift in Sources */,
				082F093A2B3C0A7200A29EE9 /* SearchUsecase.swift in Sources */,
				08A863CB2B3BC408003782E1 /* UserView.swift in Sources */,
				084299C92B3BFBAF009DA780 /* SearchView.swift in Sources */,
				0875A2282B3BFEA400733C59 /* DetailView.swift in Sources */,
				08A863D12B3BF401003782E1 /* UserViewModel.swift in Sources */,
				082F093C2B3C0B4100A29EE9 /* UserNetwork.swift in Sources */,
				084299C72B3BFBA7009DA780 /* SearchHistory.swift in Sources */,
				08A863CF2B3BF321003782E1 /* UserResponse.swift in Sources */,
			);
			runOnlyForDeploymentPostprocessing = 0;
		};
		08A863962B3BAF57003782E1 /* Sources */ = {
			isa = PBXSourcesBuildPhase;
			buildActionMask = 2147483647;
			files = (
				08A8639F2B3BAF57003782E1 /* ToyProjectTests.swift in Sources */,
			);
			runOnlyForDeploymentPostprocessing = 0;
		};
		08A863A02B3BAF57003782E1 /* Sources */ = {
			isa = PBXSourcesBuildPhase;
			buildActionMask = 2147483647;
			files = (
				08A863A92B3BAF57003782E1 /* ToyProjectUITests.swift in Sources */,
				08A863AB2B3BAF57003782E1 /* ToyProjectUITestsLaunchTests.swift in Sources */,
			);
			runOnlyForDeploymentPostprocessing = 0;
		};
/* End PBXSourcesBuildPhase section */

/* Begin PBXTargetDependency section */
		08A8639C2B3BAF57003782E1 /* PBXTargetDependency */ = {
			isa = PBXTargetDependency;
			target = 08A863882B3BAF56003782E1 /* ToyProject */;
			targetProxy = 08A8639B2B3BAF57003782E1 /* PBXContainerItemProxy */;
		};
		08A863A62B3BAF57003782E1 /* PBXTargetDependency */ = {
			isa = PBXTargetDependency;
			target = 08A863882B3BAF56003782E1 /* ToyProject */;
			targetProxy = 08A863A52B3BAF57003782E1 /* PBXContainerItemProxy */;
		};
/* End PBXTargetDependency section */

/* Begin XCBuildConfiguration section */
		08A863AC2B3BAF57003782E1 /* Debug */ = {
			isa = XCBuildConfiguration;
			buildSettings = {
				ALWAYS_SEARCH_USER_PATHS = NO;
				ASSETCATALOG_COMPILER_GENERATE_SWIFT_ASSET_SYMBOL_EXTENSIONS = YES;
				CLANG_ANALYZER_NONNULL = YES;
				CLANG_ANALYZER_NUMBER_OBJECT_CONVERSION = YES_AGGRESSIVE;
				CLANG_CXX_LANGUAGE_STANDARD = "gnu++20";
				CLANG_ENABLE_MODULES = YES;
				CLANG_ENABLE_OBJC_ARC = YES;
				CLANG_ENABLE_OBJC_WEAK = YES;
				CLANG_WARN_BLOCK_CAPTURE_AUTORELEASING = YES;
				CLANG_WARN_BOOL_CONVERSION = YES;
				CLANG_WARN_COMMA = YES;
				CLANG_WARN_CONSTANT_CONVERSION = YES;
				CLANG_WARN_DEPRECATED_OBJC_IMPLEMENTATIONS = YES;
				CLANG_WARN_DIRECT_OBJC_ISA_USAGE = YES_ERROR;
				CLANG_WARN_DOCUMENTATION_COMMENTS = YES;
				CLANG_WARN_EMPTY_BODY = YES;
				CLANG_WARN_ENUM_CONVERSION = YES;
				CLANG_WARN_INFINITE_RECURSION = YES;
				CLANG_WARN_INT_CONVERSION = YES;
				CLANG_WARN_NON_LITERAL_NULL_CONVERSION = YES;
				CLANG_WARN_OBJC_IMPLICIT_RETAIN_SELF = YES;
				CLANG_WARN_OBJC_LITERAL_CONVERSION = YES;
				CLANG_WARN_OBJC_ROOT_CLASS = YES_ERROR;
				CLANG_WARN_QUOTED_INCLUDE_IN_FRAMEWORK_HEADER = YES;
				CLANG_WARN_RANGE_LOOP_ANALYSIS = YES;
				CLANG_WARN_STRICT_PROTOTYPES = YES;
				CLANG_WARN_SUSPICIOUS_MOVE = YES;
				CLANG_WARN_UNGUARDED_AVAILABILITY = YES_AGGRESSIVE;
				CLANG_WARN_UNREACHABLE_CODE = YES;
				CLANG_WARN__DUPLICATE_METHOD_MATCH = YES;
				COPY_PHASE_STRIP = NO;
				DEBUG_INFORMATION_FORMAT = dwarf;
				ENABLE_STRICT_OBJC_MSGSEND = YES;
				ENABLE_TESTABILITY = YES;
				ENABLE_USER_SCRIPT_SANDBOXING = YES;
				GCC_C_LANGUAGE_STANDARD = gnu17;
				GCC_DYNAMIC_NO_PIC = NO;
				GCC_NO_COMMON_BLOCKS = YES;
				GCC_OPTIMIZATION_LEVEL = 0;
				GCC_PREPROCESSOR_DEFINITIONS = (
					"DEBUG=1",
					"$(inherited)",
				);
				GCC_WARN_64_TO_32_BIT_CONVERSION = YES;
				GCC_WARN_ABOUT_RETURN_TYPE = YES_ERROR;
				GCC_WARN_UNDECLARED_SELECTOR = YES;
				GCC_WARN_UNINITIALIZED_AUTOS = YES_AGGRESSIVE;
				GCC_WARN_UNUSED_FUNCTION = YES;
				GCC_WARN_UNUSED_VARIABLE = YES;
				LOCALIZATION_PREFERS_STRING_CATALOGS = YES;
				MTL_ENABLE_DEBUG_INFO = INCLUDE_SOURCE;
				MTL_FAST_MATH = YES;
				ONLY_ACTIVE_ARCH = YES;
				SWIFT_ACTIVE_COMPILATION_CONDITIONS = "DEBUG $(inherited)";
				SWIFT_OPTIMIZATION_LEVEL = "-Onone";
			};
			name = Debug;
		};
		08A863AD2B3BAF57003782E1 /* Release */ = {
			isa = XCBuildConfiguration;
			buildSettings = {
				ALWAYS_SEARCH_USER_PATHS = NO;
				ASSETCATALOG_COMPILER_GENERATE_SWIFT_ASSET_SYMBOL_EXTENSIONS = YES;
				CLANG_ANALYZER_NONNULL = YES;
				CLANG_ANALYZER_NUMBER_OBJECT_CONVERSION = YES_AGGRESSIVE;
				CLANG_CXX_LANGUAGE_STANDARD = "gnu++20";
				CLANG_ENABLE_MODULES = YES;
				CLANG_ENABLE_OBJC_ARC = YES;
				CLANG_ENABLE_OBJC_WEAK = YES;
				CLANG_WARN_BLOCK_CAPTURE_AUTORELEASING = YES;
				CLANG_WARN_BOOL_CONVERSION = YES;
				CLANG_WARN_COMMA = YES;
				CLANG_WARN_CONSTANT_CONVERSION = YES;
				CLANG_WARN_DEPRECATED_OBJC_IMPLEMENTATIONS = YES;
				CLANG_WARN_DIRECT_OBJC_ISA_USAGE = YES_ERROR;
				CLANG_WARN_DOCUMENTATION_COMMENTS = YES;
				CLANG_WARN_EMPTY_BODY = YES;
				CLANG_WARN_ENUM_CONVERSION = YES;
				CLANG_WARN_INFINITE_RECURSION = YES;
				CLANG_WARN_INT_CONVERSION = YES;
				CLANG_WARN_NON_LITERAL_NULL_CONVERSION = YES;
				CLANG_WARN_OBJC_IMPLICIT_RETAIN_SELF = YES;
				CLANG_WARN_OBJC_LITERAL_CONVERSION = YES;
				CLANG_WARN_OBJC_ROOT_CLASS = YES_ERROR;
				CLANG_WARN_QUOTED_INCLUDE_IN_FRAMEWORK_HEADER = YES;
				CLANG_WARN_RANGE_LOOP_ANALYSIS = YES;
				CLANG_WARN_STRICT_PROTOTYPES = YES;
				CLANG_WARN_SUSPICIOUS_MOVE = YES;
				CLANG_WARN_UNGUARDED_AVAILABILITY = YES_AGGRESSIVE;
				CLANG_WARN_UNREACHABLE_CODE = YES;
				CLANG_WARN__DUPLICATE_METHOD_MATCH = YES;
				COPY_PHASE_STRIP = NO;
				DEBUG_INFORMATION_FORMAT = "dwarf-with-dsym";
				ENABLE_NS_ASSERTIONS = NO;
				ENABLE_STRICT_OBJC_MSGSEND = YES;
				ENABLE_USER_SCRIPT_SANDBOXING = YES;
				GCC_C_LANGUAGE_STANDARD = gnu17;
				GCC_NO_COMMON_BLOCKS = YES;
				GCC_WARN_64_TO_32_BIT_CONVERSION = YES;
				GCC_WARN_ABOUT_RETURN_TYPE = YES_ERROR;
				GCC_WARN_UNDECLARED_SELECTOR = YES;
				GCC_WARN_UNINITIALIZED_AUTOS = YES_AGGRESSIVE;
				GCC_WARN_UNUSED_FUNCTION = YES;
				GCC_WARN_UNUSED_VARIABLE = YES;
				LOCALIZATION_PREFERS_STRING_CATALOGS = YES;
				MTL_ENABLE_DEBUG_INFO = NO;
				MTL_FAST_MATH = YES;
				SWIFT_COMPILATION_MODE = wholemodule;
			};
			name = Release;
		};
		08A863AF2B3BAF57003782E1 /* Debug */ = {
			isa = XCBuildConfiguration;
			buildSettings = {
				ASSETCATALOG_COMPILER_APPICON_NAME = AppIcon;
				ASSETCATALOG_COMPILER_GLOBAL_ACCENT_COLOR_NAME = AccentColor;
				CODE_SIGN_ENTITLEMENTS = ToyProject/ToyProject.entitlements;
				CODE_SIGN_STYLE = Automatic;
				CURRENT_PROJECT_VERSION = 1;
				DEVELOPMENT_ASSET_PATHS = "\"ToyProject/Preview Content\"";
				DEVELOPMENT_TEAM = FQRWL84Z3B;
				ENABLE_HARDENED_RUNTIME = YES;
				ENABLE_PREVIEWS = YES;
				GENERATE_INFOPLIST_FILE = YES;
				"INFOPLIST_KEY_UIApplicationSceneManifest_Generation[sdk=iphoneos*]" = YES;
				"INFOPLIST_KEY_UIApplicationSceneManifest_Generation[sdk=iphonesimulator*]" = YES;
				"INFOPLIST_KEY_UIApplicationSupportsIndirectInputEvents[sdk=iphoneos*]" = YES;
				"INFOPLIST_KEY_UIApplicationSupportsIndirectInputEvents[sdk=iphonesimulator*]" = YES;
				"INFOPLIST_KEY_UILaunchScreen_Generation[sdk=iphoneos*]" = YES;
				"INFOPLIST_KEY_UILaunchScreen_Generation[sdk=iphonesimulator*]" = YES;
				"INFOPLIST_KEY_UIStatusBarStyle[sdk=iphoneos*]" = UIStatusBarStyleDefault;
				"INFOPLIST_KEY_UIStatusBarStyle[sdk=iphonesimulator*]" = UIStatusBarStyleDefault;
				INFOPLIST_KEY_UISupportedInterfaceOrientations_iPad = "UIInterfaceOrientationPortrait UIInterfaceOrientationPortraitUpsideDown UIInterfaceOrientationLandscapeLeft UIInterfaceOrientationLandscapeRight";
				INFOPLIST_KEY_UISupportedInterfaceOrientations_iPhone = "UIInterfaceOrientationPortrait UIInterfaceOrientationLandscapeLeft UIInterfaceOrientationLandscapeRight";
				IPHONEOS_DEPLOYMENT_TARGET = 14.1;
				LD_RUNPATH_SEARCH_PATHS = "@executable_path/Frameworks";
				"LD_RUNPATH_SEARCH_PATHS[sdk=macosx*]" = "@executable_path/../Frameworks";
				MACOSX_DEPLOYMENT_TARGET = 14.2;
				MARKETING_VERSION = 1.0;
				PRODUCT_BUNDLE_IDENTIFIER = com.woosub.ToyProject;
				PRODUCT_NAME = "$(TARGET_NAME)";
				SDKROOT = auto;
				SUPPORTED_PLATFORMS = "iphoneos iphonesimulator";
				SUPPORTS_MACCATALYST = NO;
				SWIFT_EMIT_LOC_STRINGS = YES;
				SWIFT_VERSION = 5.0;
				TARGETED_DEVICE_FAMILY = "1,2";
			};
			name = Debug;
		};
		08A863B02B3BAF57003782E1 /* Release */ = {
			isa = XCBuildConfiguration;
			buildSettings = {
				ASSETCATALOG_COMPILER_APPICON_NAME = AppIcon;
				ASSETCATALOG_COMPILER_GLOBAL_ACCENT_COLOR_NAME = AccentColor;
				CODE_SIGN_ENTITLEMENTS = ToyProject/ToyProject.entitlements;
				CODE_SIGN_STYLE = Automatic;
				CURRENT_PROJECT_VERSION = 1;
				DEVELOPMENT_ASSET_PATHS = "\"ToyProject/Preview Content\"";
				DEVELOPMENT_TEAM = FQRWL84Z3B;
				ENABLE_HARDENED_RUNTIME = YES;
				ENABLE_PREVIEWS = YES;
				GENERATE_INFOPLIST_FILE = YES;
				"INFOPLIST_KEY_UIApplicationSceneManifest_Generation[sdk=iphoneos*]" = YES;
				"INFOPLIST_KEY_UIApplicationSceneManifest_Generation[sdk=iphonesimulator*]" = YES;
				"INFOPLIST_KEY_UIApplicationSupportsIndirectInputEvents[sdk=iphoneos*]" = YES;
				"INFOPLIST_KEY_UIApplicationSupportsIndirectInputEvents[sdk=iphonesimulator*]" = YES;
				"INFOPLIST_KEY_UILaunchScreen_Generation[sdk=iphoneos*]" = YES;
				"INFOPLIST_KEY_UILaunchScreen_Generation[sdk=iphonesimulator*]" = YES;
				"INFOPLIST_KEY_UIStatusBarStyle[sdk=iphoneos*]" = UIStatusBarStyleDefault;
				"INFOPLIST_KEY_UIStatusBarStyle[sdk=iphonesimulator*]" = UIStatusBarStyleDefault;
				INFOPLIST_KEY_UISupportedInterfaceOrientations_iPad = "UIInterfaceOrientationPortrait UIInterfaceOrientationPortraitUpsideDown UIInterfaceOrientationLandscapeLeft UIInterfaceOrientationLandscapeRight";
				INFOPLIST_KEY_UISupportedInterfaceOrientations_iPhone = "UIInterfaceOrientationPortrait UIInterfaceOrientationLandscapeLeft UIInterfaceOrientationLandscapeRight";
				IPHONEOS_DEPLOYMENT_TARGET = 14.1;
				LD_RUNPATH_SEARCH_PATHS = "@executable_path/Frameworks";
				"LD_RUNPATH_SEARCH_PATHS[sdk=macosx*]" = "@executable_path/../Frameworks";
				MACOSX_DEPLOYMENT_TARGET = 14.2;
				MARKETING_VERSION = 1.0;
				PRODUCT_BUNDLE_IDENTIFIER = com.woosub.ToyProject;
				PRODUCT_NAME = "$(TARGET_NAME)";
				SDKROOT = auto;
				SUPPORTED_PLATFORMS = "iphoneos iphonesimulator";
				SUPPORTS_MACCATALYST = NO;
				SWIFT_EMIT_LOC_STRINGS = YES;
				SWIFT_VERSION = 5.0;
				TARGETED_DEVICE_FAMILY = "1,2";
			};
			name = Release;
		};
		08A863B22B3BAF57003782E1 /* Debug */ = {
			isa = XCBuildConfiguration;
			buildSettings = {
				ALWAYS_EMBED_SWIFT_STANDARD_LIBRARIES = YES;
				BUNDLE_LOADER = "$(TEST_HOST)";
				CODE_SIGN_STYLE = Automatic;
				CURRENT_PROJECT_VERSION = 1;
				DEVELOPMENT_TEAM = FQRWL84Z3B;
				GENERATE_INFOPLIST_FILE = YES;
				IPHONEOS_DEPLOYMENT_TARGET = 17.2;
				MACOSX_DEPLOYMENT_TARGET = 14.2;
				MARKETING_VERSION = 1.0;
				PRODUCT_BUNDLE_IDENTIFIER = com.woosub.ToyProjectTests;
				PRODUCT_NAME = "$(TARGET_NAME)";
				SDKROOT = auto;
				SUPPORTED_PLATFORMS = "iphoneos iphonesimulator macosx";
				SWIFT_EMIT_LOC_STRINGS = NO;
				SWIFT_VERSION = 5.0;
				TARGETED_DEVICE_FAMILY = "1,2";
				TEST_HOST = "$(BUILT_PRODUCTS_DIR)/ToyProject.app/$(BUNDLE_EXECUTABLE_FOLDER_PATH)/ToyProject";
			};
			name = Debug;
		};
		08A863B32B3BAF57003782E1 /* Release */ = {
			isa = XCBuildConfiguration;
			buildSettings = {
				ALWAYS_EMBED_SWIFT_STANDARD_LIBRARIES = YES;
				BUNDLE_LOADER = "$(TEST_HOST)";
				CODE_SIGN_STYLE = Automatic;
				CURRENT_PROJECT_VERSION = 1;
				DEVELOPMENT_TEAM = FQRWL84Z3B;
				GENERATE_INFOPLIST_FILE = YES;
				IPHONEOS_DEPLOYMENT_TARGET = 17.2;
				MACOSX_DEPLOYMENT_TARGET = 14.2;
				MARKETING_VERSION = 1.0;
				PRODUCT_BUNDLE_IDENTIFIER = com.woosub.ToyProjectTests;
				PRODUCT_NAME = "$(TARGET_NAME)";
				SDKROOT = auto;
				SUPPORTED_PLATFORMS = "iphoneos iphonesimulator macosx";
				SWIFT_EMIT_LOC_STRINGS = NO;
				SWIFT_VERSION = 5.0;
				TARGETED_DEVICE_FAMILY = "1,2";
				TEST_HOST = "$(BUILT_PRODUCTS_DIR)/ToyProject.app/$(BUNDLE_EXECUTABLE_FOLDER_PATH)/ToyProject";
			};
			name = Release;
		};
		08A863B52B3BAF57003782E1 /* Debug */ = {
			isa = XCBuildConfiguration;
			buildSettings = {
				ALWAYS_EMBED_SWIFT_STANDARD_LIBRARIES = YES;
				CODE_SIGN_STYLE = Automatic;
				CURRENT_PROJECT_VERSION = 1;
				DEVELOPMENT_TEAM = FQRWL84Z3B;
				GENERATE_INFOPLIST_FILE = YES;
				IPHONEOS_DEPLOYMENT_TARGET = 17.2;
				MACOSX_DEPLOYMENT_TARGET = 14.2;
				MARKETING_VERSION = 1.0;
				PRODUCT_BUNDLE_IDENTIFIER = com.woosub.ToyProjectUITests;
				PRODUCT_NAME = "$(TARGET_NAME)";
				SDKROOT = auto;
				SUPPORTED_PLATFORMS = "iphoneos iphonesimulator macosx";
				SWIFT_EMIT_LOC_STRINGS = NO;
				SWIFT_VERSION = 5.0;
				TARGETED_DEVICE_FAMILY = "1,2";
				TEST_TARGET_NAME = ToyProject;
			};
			name = Debug;
		};
		08A863B62B3BAF57003782E1 /* Release */ = {
			isa = XCBuildConfiguration;
			buildSettings = {
				ALWAYS_EMBED_SWIFT_STANDARD_LIBRARIES = YES;
				CODE_SIGN_STYLE = Automatic;
				CURRENT_PROJECT_VERSION = 1;
				DEVELOPMENT_TEAM = FQRWL84Z3B;
				GENERATE_INFOPLIST_FILE = YES;
				IPHONEOS_DEPLOYMENT_TARGET = 17.2;
				MACOSX_DEPLOYMENT_TARGET = 14.2;
				MARKETING_VERSION = 1.0;
				PRODUCT_BUNDLE_IDENTIFIER = com.woosub.ToyProjectUITests;
				PRODUCT_NAME = "$(TARGET_NAME)";
				SDKROOT = auto;
				SUPPORTED_PLATFORMS = "iphoneos iphonesimulator macosx";
				SWIFT_EMIT_LOC_STRINGS = NO;
				SWIFT_VERSION = 5.0;
				TARGETED_DEVICE_FAMILY = "1,2";
				TEST_TARGET_NAME = ToyProject;
			};
			name = Release;
		};
/* End XCBuildConfiguration section */

/* Begin XCConfigurationList section */
		08A863842B3BAF56003782E1 /* Build configuration list for PBXProject "ToyProject" */ = {
			isa = XCConfigurationList;
			buildConfigurations = (
				08A863AC2B3BAF57003782E1 /* Debug */,
				08A863AD2B3BAF57003782E1 /* Release */,
			);
			defaultConfigurationIsVisible = 0;
			defaultConfigurationName = Release;
		};
		08A863AE2B3BAF57003782E1 /* Build configuration list for PBXNativeTarget "ToyProject" */ = {
			isa = XCConfigurationList;
			buildConfigurations = (
				08A863AF2B3BAF57003782E1 /* Debug */,
				08A863B02B3BAF57003782E1 /* Release */,
			);
			defaultConfigurationIsVisible = 0;
			defaultConfigurationName = Release;
		};
		08A863B12B3BAF57003782E1 /* Build configuration list for PBXNativeTarget "ToyProjectTests" */ = {
			isa = XCConfigurationList;
			buildConfigurations = (
				08A863B22B3BAF57003782E1 /* Debug */,
				08A863B32B3BAF57003782E1 /* Release */,
			);
			defaultConfigurationIsVisible = 0;
			defaultConfigurationName = Release;
		};
		08A863B42B3BAF57003782E1 /* Build configuration list for PBXNativeTarget "ToyProjectUITests" */ = {
			isa = XCConfigurationList;
			buildConfigurations = (
				08A863B52B3BAF57003782E1 /* Debug */,
				08A863B62B3BAF57003782E1 /* Release */,
			);
			defaultConfigurationIsVisible = 0;
			defaultConfigurationName = Release;
		};
/* End XCConfigurationList section */

/* Begin XCRemoteSwiftPackageReference section */
		08A863B72B3BAFB7003782E1 /* XCRemoteSwiftPackageReference "Alamofire" */ = {
			isa = XCRemoteSwiftPackageReference;
			repositoryURL = "https://github.com/Alamofire/Alamofire.git";
			requirement = {
				kind = upToNextMajorVersion;
				minimumVersion = 5.8.1;
			};
		};
		08A863BA2B3BAFC8003782E1 /* XCRemoteSwiftPackageReference "realm-swift" */ = {
			isa = XCRemoteSwiftPackageReference;
			repositoryURL = "https://github.com/realm/realm-swift.git";
			requirement = {
				branch = master;
				kind = branch;
			};
		};
		08A863C32B3BB0C5003782E1 /* XCRemoteSwiftPackageReference "url-image" */ = {
			isa = XCRemoteSwiftPackageReference;
			repositoryURL = "https://github.com/dmytro-anokhin/url-image.git";
			requirement = {
				kind = upToNextMajorVersion;
				minimumVersion = 3.1.1;
			};
		};
/* End XCRemoteSwiftPackageReference section */

/* Begin XCSwiftPackageProductDependency section */
		08A863B82B3BAFB7003782E1 /* Alamofire */ = {
			isa = XCSwiftPackageProductDependency;
			package = 08A863B72B3BAFB7003782E1 /* XCRemoteSwiftPackageReference "Alamofire" */;
			productName = Alamofire;
		};
		08A863BB2B3BAFC8003782E1 /* Realm */ = {
			isa = XCSwiftPackageProductDependency;
			package = 08A863BA2B3BAFC8003782E1 /* XCRemoteSwiftPackageReference "realm-swift" */;
			productName = Realm;
		};
		08A863BD2B3BAFC8003782E1 /* RealmSwift */ = {
			isa = XCSwiftPackageProductDependency;
			package = 08A863BA2B3BAFC8003782E1 /* XCRemoteSwiftPackageReference "realm-swift" */;
			productName = RealmSwift;
		};
		08A863C42B3BB0C5003782E1 /* URLImage */ = {
			isa = XCSwiftPackageProductDependency;
			package = 08A863C32B3BB0C5003782E1 /* XCRemoteSwiftPackageReference "url-image" */;
			productName = URLImage;
		};
		08A863C62B3BB0C5003782E1 /* URLImageStore */ = {
			isa = XCSwiftPackageProductDependency;
			package = 08A863C32B3BB0C5003782E1 /* XCRemoteSwiftPackageReference "url-image" */;
			productName = URLImageStore;
		};
/* End XCSwiftPackageProductDependency section */
	};
	rootObject = 08A863812B3BAF56003782E1 /* Project object */;
}
